
Microsoft Visual Studio Solution File, Format Version 12.00
# Visual Studio 14
VisualStudioVersion = 14.0.25123.0
MinimumVisualStudioVersion = 10.0.40219.1
Project("{FAE04EC0-301F-11D3-BF4B-00C04F79EFBC}") = "SafeMvcUrls", "SafeMvcUrls\SafeMvcUrls.csproj", "{E46A753A-1E7A-4719-88B9-46F8E14D625B}"
EndProject
Project("{FAE04EC0-301F-11D3-BF4B-00C04F79EFBC}") = "SafeMvcUrls.UnitTests", "SafeMvcUrls.UnitTests\SafeMvcUrls.UnitTests.csproj", "{6791D135-94F5-4F3D-8465-2CE9A2849EB3}"
EndProject
Global
	GlobalSection(SolutionConfigurationPlatforms) = preSolution
		Debug|Any CPU = Debug|Any CPU
		Release|Any CPU = Release|Any CPU
	EndGlobalSection
	GlobalSection(ProjectConfigurationPlatforms) = postSolution
		{E46A753A-1E7A-4719-88B9-46F8E14D625B}.Debug|Any CPU.ActiveCfg = Debug|Any CPU
		{E46A753A-1E7A-4719-88B9-46F8E14D625B}.Debug|Any CPU.Build.0 = Debug|Any CPU
		{E46A753A-1E7A-4719-88B9-46F8E14D625B}.Release|Any CPU.ActiveCfg = Release|Any CPU
		{E46A753A-1E7A-4719-88B9-46F8E14D625B}.Release|Any CPU.Build.0 = Release|Any CPU
		{6791D135-94F5-4F3D-8465-2CE9A2849EB3}.Debug|Any CPU.ActiveCfg = Debug|Any CPU
		{6791D135-94F5-4F3D-8465-2CE9A2849EB3}.Debug|Any CPU.Build.0 = Debug|Any CPU
		{6791D135-94F5-4F3D-8465-2CE9A2849EB3}.Release|Any CPU.ActiveCfg = Release|Any CPU
		{6791D135-94F5-4F3D-8465-2CE9A2849EB3}.Release|Any CPU.Build.0 = Release|Any CPU
	EndGlobalSection
	GlobalSection(SolutionProperties) = preSolution
		HideSolutionNode = FALSE
	EndGlobalSection
EndGlobal
